
Microsoft Visual Studio Solution File, Format Version 12.00
# Visual Studio Version 16
VisualStudioVersion = 16.0.31005.135
MinimumVisualStudioVersion = 10.0.40219.1
Project("{FAE04EC0-301F-11D3-BF4B-00C04F79EFBC}") = "MiniProjet", "MiniProjet\MiniProjet.csproj", "{0ABE094A-E2B3-4CAA-A939-1C7A8DF46BFE}"
EndProject
Global
	GlobalSection(SolutionConfigurationPlatforms) = preSolution
		Debug|Any CPU = Debug|Any CPU
		Release|Any CPU = Release|Any CPU
	EndGlobalSection
	GlobalSection(ProjectConfigurationPlatforms) = postSolution
		{0ABE094A-E2B3-4CAA-A939-1C7A8DF46BFE}.Debug|Any CPU.ActiveCfg = Debug|Any CPU
		{0ABE094A-E2B3-4CAA-A939-1C7A8DF46BFE}.Debug|Any CPU.Build.0 = Debug|Any CPU
		{0ABE094A-E2B3-4CAA-A939-1C7A8DF46BFE}.Release|Any CPU.ActiveCfg = Release|Any CPU
		{0ABE094A-E2B3-4CAA-A939-1C7A8DF46BFE}.Release|Any CPU.Build.0 = Release|Any CPU
	EndGlobalSection
	GlobalSection(SolutionProperties) = preSolution
		HideSolutionNode = FALSE
	EndGlobalSection
	GlobalSection(ExtensibilityGlobals) = postSolution
		SolutionGuid = {A86617C6-19A1-4CA7-8027-2D532360A699}
	EndGlobalSection
EndGlobal
